Microsoft Visual Studio Solution File, Format Version 12.00
# Visual Studio Version 17
VisualStudioVersion = 17.5.2.0
MinimumVisualStudioVersion = 10.0.40219.1
Project("{FAE04EC0-301F-11D3-BF4B-00C04F79EFBC}") = "csharp-sol", "csharp-sol.csproj", "{8831A7A2-29CA-D8DF-DE7B-A846CA575948}"
EndProject
Global
	GlobalSection(SolutionConfigurationPlatforms) = preSolution
		Debug|Any CPU = Debug|Any CPU
		Release|Any CPU = Release|Any CPU
	EndGlobalSection
	GlobalSection(ProjectConfigurationPlatforms) = postSolution
		{8831A7A2-29CA-D8DF-DE7B-A846CA575948}.Debug|Any CPU.ActiveCfg = Debug|Any CPU
		{8831A7A2-29CA-D8DF-DE7B-A846CA575948}.Debug|Any CPU.Build.0 = Debug|Any CPU
		{8831A7A2-29CA-D8DF-DE7B-A846CA575948}.Release|Any CPU.ActiveCfg = Release|Any CPU
		{8831A7A2-29CA-D8DF-DE7B-A846CA575948}.Release|Any CPU.Build.0 = Release|Any CPU
	EndGlobalSection
	GlobalSection(SolutionProperties) = preSolution
		HideSolutionNode = FALSE
	EndGlobalSection
	GlobalSection(ExtensibilityGlobals) = postSolution
		SolutionGuid = {99C41FFC-728A-4DDF-A046-CDD4BAFF7035}
	EndGlobalSection
EndGlobal
